
Microsoft Visual Studio Solution File, Format Version 12.00
# Visual Studio 15
VisualStudioVersion = 15.0.28307.1022
MinimumVisualStudioVersion = 10.0.40219.1
Project("{FAE04EC0-301F-11D3-BF4B-00C04F79EFBC}") = "ConsoleApp", "ConsoleApp\ConsoleApp.csproj", "{89BF45FB-7978-4317-987B-2BE72BB11ED2}"
EndProject
Global
	GlobalSection(SolutionConfigurationPlatforms) = preSolution
		Debug|Any CPU = Debug|Any CPU
		Release|Any CPU = Release|Any CPU
	EndGlobalSection
	GlobalSection(ProjectConfigurationPlatforms) = postSolution
		{89BF45FB-7978-4317-987B-2BE72BB11ED2}.Debug|Any CPU.ActiveCfg = Debug|Any CPU
		{89BF45FB-7978-4317-987B-2BE72BB11ED2}.Debug|Any CPU.Build.0 = Debug|Any CPU
		{89BF45FB-7978-4317-987B-2BE72BB11ED2}.Release|Any CPU.ActiveCfg = Release|Any CPU
		{89BF45FB-7978-4317-987B-2BE72BB11ED2}.Release|Any CPU.Build.0 = Release|Any CPU
	EndGlobalSection
	GlobalSection(SolutionProperties) = preSolution
		HideSolutionNode = FALSE
	EndGlobalSection
	GlobalSection(ExtensibilityGlobals) = postSolution
		SolutionGuid = {E8B54396-D9B2-4955-A488-26D7E46088F4}
	EndGlobalSection
EndGlobal
